github.com/aws/aws-sdk-go-v2 v1.25.3 h1:xYiLpZTQs1mzvz5PaI6uR0Wh57ippuEthxS4iK5v0n0=
github.com/aws/aws-sdk-go-v2 v1.25.3/go.mod h1:35hUlJVYd+M++iLI3ALmVwMOyRYMmRqUXpTtRGW+K9I=
github.com/aws/aws-sdk-go-v2/aws/protocol/eventstream v1.6.1 h1:gTK2uhtAPtFcdRRJilZPx8uJLL2J85xK11nKtWL0wfU=
github.com/aws/aws-sdk-go-v2/aws/protocol/eventstream v1.6.1/go.mod h1:sxpLb+nZk7tIfCWChfd+h4QwHNUR57d8hA1cleTkjJo=
github.com/aws/aws-sdk-go-v2/config v1.27.7 h1:JSfb5nOQF01iOgxFI5OIKWwDiEXWTyTgg1Mm1mHi0A4=
github.com/aws/aws-sdk-go-v2/config v1.27.7/go.mod h1:PH0/cNpoMO+B04qET699o5W92Ca79fVtbUnvMIZro4I=
github.com/aws/aws-sdk-go-v2/credentials v1.17.7 h1:WJd+ubWKoBeRh7A5iNMnxEOs982SyVKOJD+K8HIezu4=
github.com/aws/aws-sdk-go-v2/credentials v1.17.7/go.mod h1:UQi7LMR0Vhvs+44w5ec8Q+VS+cd10cjwgHwiVkE0YGU=
github.com/aws/aws-sdk-go-v2/feature/ec2/imds v1.15.3 h1:p+y7FvkK2dxS+FEwRIDHDe//ZX+jDhP8HHE50ppj4iI=
github.com/aws/aws-sdk-go-v2/feature/ec2/imds v1.15.3/go.mod h1:/fYB+FZbDlwlAiynK9KDXlzZl3ANI9JkD0Uhz5FjNT4=
github.com/aws/aws-sdk-go-v2/internal/configsources v1.3.3 h1:ifbIbHZyGl1alsAhPIYsHOg5MuApgqOvVeI8wIugXfs=
github.com/aws/aws-sdk-go-v2/internal/configsources v1.3.3/go.mod h1:oQZXg3c6SNeY6OZrDY+xHcF4VGIEoNotX2B4PrDeoJI=
github.com/aws/aws-sdk-go-v2/internal/endpoints/v2 v2.6.3 h1:Qvodo9gHG9F3E8SfYOspPeBt0bjSbsevK8WhRAUHcoY=
github.com/aws/aws-sdk-go-v2/internal/endpoints/v2 v2.6.3/go.mod h1:vCKrdLXtybdf/uQd/YfVR2r5pcbNuEYKzMQpcxmeSJw=
github.com/aws/aws-sdk-go-v2/internal/ini v1.8.0 h1:hT8rVHwugYE2lEfdFE0QWVo81lF7jMrYJVDWI+f+VxU=
github.com/aws/aws-sdk-go-v2/internal/ini v1.8.0/go.mod h1:8tu/lYfQfFe6IGnaOdrpVgEL2IrrDOf6/m9RQum4NkY=
github.com/aws/aws-sdk-go-v2/internal/v4a v1.3.3 h1:mDnFOE2sVkyphMWtTH+stv0eW3k0OTx94K63xpxHty4=
github.com/aws/aws-sdk-go-v2/internal/v4a v1.3.3/go.mod h1:V8MuRVcCRt5h1S+Fwu8KbC7l/gBGo3yBAyUbJM2IJOk=
github.com/aws/aws-sdk-go-v2/service/internal/accept-encoding v1.11.1 h1:EyBZibRTVAs6ECHZOw5/wlylS9OcTzwyjeQMudmREjE=
github.com/aws/aws-sdk-go-v2/service/internal/accept-encoding v1.11.1/go.mod h1:JKpmtYhhPs7D97NL/ltqz7yCkERFW5dOlHyVl66ZYF8=
github.com/aws/aws-sdk-go-v2/service/internal/checksum v1.3.5 h1:mbWNpfRUTT6bnacmvOTKXZjR/HycibdWzNpfbrbLDIs=
github.com/aws/aws-sdk-go-v2/service/internal/checksum v1.3.5/go.mod h1:FCOPWGjsshkkICJIn9hq9xr6dLKtyaWpuUojiN3W1/8=
github.com/aws/aws-sdk-go-v2/service/internal/presigned-url v1.11.5 h1:K/NXvIftOlX+oGgWGIa3jDyYLDNsdVhsjHmsBH2GLAQ=
github.com/aws/aws-sdk-go-v2/service/internal/presigned-url v1.11.5/go.mod h1:cl9HGLV66EnCmMNzq4sYOti+/xo8w34CsgzVtm2GgsY=
github.com/aws/aws-sdk-go-v2/service/internal/s3shared v1.17.3 h1:4t+QEX7BsXz98W8W1lNvMAG+NX8qHz2CjLBxQKku40g=
github.com/aws/aws-sdk-go-v2/service/internal/s3shared v1.17.3/go.mod h1:oFcjjUq5Hm09N9rpxTdeMeLeQcxS7mIkBkL8qUKng+A=
github.com/aws/aws-sdk-go-v2/service/s3 v1.51.4 h1:lW5xUzOPGAMY7HPuNF4FdyBwRc3UJ/e8KsapbesVeNU=
github.com/aws/aws-sdk-go-v2/service/s3 v1.51.4/go.mod h1:MGTaf3x/+z7ZGugCGvepnx2DS6+caCYYqKhzVoLNYPk=
github.com/aws/aws-sdk-go-v2/service/sso v1.20.2 h1:XOPfar83RIRPEzfihnp+U6udOveKZJvPQ76SKWrLRHc=
github.com/aws/aws-sdk-go-v2/service/sso v1.20.2/go.mod h1:Vv9Xyk1KMHXrR3vNQe8W5LMFdTjSeWk0gBZBzvf3Qa0=
github.com/aws/aws-sdk-go-v2/service/ssooidc v1.23.2 h1:pi0Skl6mNl2w8qWZXcdOyg197Zsf4G97U7Sso9JXGZE=
github.com/aws/aws-sdk-go-v2/service/ssooidc v1.23.2/go.mod h1:JYzLoEVeLXk+L4tn1+rrkfhkxl6mLDEVaDSvGq9og90=
github.com/aws/aws-sdk-go-v2/service/sts v1.28.4 h1:Ppup1nVNAOWbBOrcoOxaxPeEnSFB2RnnQdguhXpmeQk=
github.com/aws/aws-sdk-go-v2/service/sts v1.28.4/go.mod h1:+K1rNPVyGxkRuv9NNiaZ4YhBFuyw2MMA9SlIJ1Zlpz8=
github.com/aws/smithy-go v1.20.1 h1:4SZlSlMr36UEqC7XOyRVb27XMeZubNcBNN+9IgEPIQw=
github.com/aws/smithy-go v1.20.1/go.mod h1:krry+ya/rV9RDcV/Q16kpu6ypI4K2czasz0NC3qS14E=
github.com/bsm/ginkgo/v2 v2.12.0 h1:Ny8MWAHyOepLGlLKYmXG4IEkioBysk6GpaRTLC8zwWs=
github.com/bsm/ginkgo/v2 v2.12.0/go.mod h1:SwYbGRRDovPVboqFv0tPTcG1sN61LM1Z4ARdbAV9g4c=
github.com/bsm/gomega v1.27.10 h1:yeMWxP2pV2fG3FgAODIY8EiRE3dy0aeFYt4l7wh6yKA=
github.com/bsm/gomega v1.27.10/go.mod h1:JyEr/xRbxbtgWNi8tIEVPUYZ5Dzef52k01W3YH0H+O0=
github.com/cespare/xxhash/v2 v2.2.0 h1:DC2CZ1Ep5Y4k3ZQ899DldepgrayRUGE6BBZ/cd9Cj44=
github.com/cespare/xxhash/v2 v2.2.0/go.mod h1:VGX0DQ3Q6kWi7AoAeZDth3/j3BFtOZR5XLFGgcrjCOs=
github.com/coreos/go-systemd/v22 v22.5.0/go.mod h1:Y58oyj3AT4RCenI/lSvhwexgC+NSVTIJ3seZv2GcEnc=
github.com/dgryski/go-rendezvous v0.0.0-20200823014737-9f7001d12a5f h1:lO4WD4F/rVNCu3HqELle0jiPLLBs70cWOduZpkS1E78=
github.com/dgryski/go-rendezvous v0.0.0-20200823014737-9f7001d12a5f/go.mod h1:cuUVRXasLTGF7a8hSLbxyZXjz+1KgoB3wDUb6vlszIc=
github.com/godbus/dbus/v5 v5.0.4/go.mod h1:xhWf0FNVPg57R7Z0UbKHbJfkEywrmjJnf7w5xrFpKfA=
github.com/mattn/go-colorable v0.1.13 h1:fFA4WZxdEF4tXPZVKMLwD8oUnCTTo08duU7wxecdEvA=
github.com/mattn/go-colorable v0.1.13/go.mod h1:7S9/ev0klgBDR4GtXTXX8a3vIGJpMovkB8vQcUbaXHg=
github.com/mattn/go-isatty v0.0.16/go.mod h1:kYGgaQfpe5nmfYZH+SKPsOc2e4SrIfOl2e/yFXSvRLM=
github.com/mattn/go-isatty v0.0.19 h1:JITubQf0MOLdlGRuRq+jtsDlekdYPia9ZFsB8h/APPA=
github.com/mattn/go-isatty v0.0.19/go.mod h1:W+V8PltTTMOvKvAeJH7IuucS94S2C6jfK/D7dTCTo3Y=
github.com/pkg/errors v0.9.1/go.mod h1:bwawxfHBFNV+L2hUp1rHADufV3IMtnDRdf1r5NINEl0=
github.com/redis/go-redis/v9 v9.6.1 h1:HHDteefn6ZkTtY5fGUE8tj8uy85AHk6zP7CpzIAM0y4=
github.com/redis/go-redis/v9 v9.6.1/go.mod h1:0C0c6ycQsdpVNQpxb1njEQIqkx5UcsM8FJCQLgE9+RA=
github.com/rs/xid v1.5.0/go.mod h1:trrq9SKmegXys3aeAKXMUTdJsYXVwGY3RLcfgqegfbg=
github.com/rs/zerolog v1.33.0 h1:1cU2KZkvPxNyfgEmhHAz/1A9Bz+llsdYzklWFzgp0r8=
github.com/rs/zerolog v1.33.0/go.mod h1:/7mN4D5sKwJLZQ2b/znpjC3/GQWY/xaDXUM0kKWRHss=
github.com/tidwall/pretty v1.2.1 h1:qjsOFOWWQl+N3RsoF5/ssm1pHmJJwhjlSbZ51I6wMl4=
github.com/tidwall/pretty v1.2.1/go.mod h1:ITEVvHYasfjBbM0u2Pg8T2nJnzm8xPwvNhhsoaGGjNU=
golang.org/x/sys v0.0.0-20220811171246-fbc7d0a398ab/go.mod h1:oPkhp1MJrh7nUepCBck5+mAzfO9JrbApNNgaTdGDITg=
golang.org/x/sys v0.6.0/go.mod h1:oPkhp1MJrh7nUepCBck5+mAzfO9JrbApNNgaTdGDITg=
golang.org/x/sys v0.12.0 h1:CM0HF96J0hcLAwsHPJZjfdNzs0gftsLfgKt57wWHJ0o=
golang.org/x/sys v0.12.0/go.mod h1:oPkhp1MJrh7nUepCBck5+mAzfO9JrbApNNgaTdGDITg=
